{
    "_readme": [
        "This file locks the dependencies of your project to a known state",
        "Read more about it at https://getcomposer.org/doc/01-basic-usage.md#installing-dependencies",
        "This file is @generated automatically"
    ],
    "content-hash": "ef6954dd5f5997d65b143c1cd9349a49",
    "packages": [
        {
            "name": "phpgangsta/googleauthenticator",
            "version": "dev-master",
            "source": {
                "type": "git",
                "url": "https://github.com/PHPGangsta/GoogleAuthenticator.git",
                "reference": "505c2af8337b559b33557f37cda38e5f843f3768"
            },
            "dist": {
                "type": "zip",
                "url": "https://api.github.com/repos/PHPGangsta/GoogleAuthenticator/zipball/505c2af8337b559b33557f37cda38e5f843f3768",
                "reference": "505c2af8337b559b33557f37cda38e5f843f3768",
                "shasum": ""
            },
            "require": {
                "php": ">=5.3"
            },
            "default-branch": true,
            "type": "library",
            "autoload": {
                "classmap": [
                    "PHPGangsta/GoogleAuthenticator.php"
                ]
            },
            "notification-url": "https://packagist.org/downloads/",
            "license": [
                "BSD-4-Clause"
            ],
            "authors": [
                {
                    "name": "Michael Kliewe",
                    "email": "info@phpgangsta.de",
                    "homepage": "http://www.phpgangsta.de/",
                    "role": "Developer"
                }
            ],
            "description": "Google Authenticator 2-factor authentication",
            "keywords": [
                "googleauthenticator",
                "rfc6238",
                "totp"
            ],
            "support": {
                "issues": "https://github.com/PHPGangsta/GoogleAuthenticator/issues",
                "source": "https://github.com/PHPGangsta/GoogleAuthenticator"
            },
            "time": "2019-03-20T00:55:58+00:00"
        },
        {
            "name": "predis/predis",
            "version": "v2.1.2",
            "source": {
                "type": "git",
                "url": "https://github.com/predis/predis.git",
                "reference": "a77a43913a74f9331f637bb12867eb8e274814e5"
            },
            "dist": {
                "type": "zip",
                "url": "https://api.github.com/repos/predis/predis/zipball/a77a43913a74f9331f637bb12867eb8e274814e5",
                "reference": "a77a43913a74f9331f637bb12867eb8e274814e5",
                "shasum": ""
            },
            "require": {
                "php": "^7.2 || ^8.0"
            },
            "require-dev": {
                "friendsofphp/php-cs-fixer": "^3.3",
                "phpstan/phpstan": "^1.9",
                "phpunit/phpunit": "^8.0 || ~9.4.4"
            },
            "type": "library",
            "autoload": {
                "psr-4": {
                    "Predis\\": "src/"
                }
            },
            "notification-url": "https://packagist.org/downloads/",
            "license": [
                "MIT"
            ],
            "authors": [
                {
                    "name": "Till Krüss",
                    "homepage": "https://till.im",
                    "role": "Maintainer"
                }
            ],
            "description": "A flexible and feature-complete Redis client for PHP.",
            "homepage": "http://github.com/predis/predis",
            "keywords": [
                "nosql",
                "predis",
                "redis"
            ],
            "support": {
                "issues": "https://github.com/predis/predis/issues",
                "source": "https://github.com/predis/predis/tree/v2.1.2"
            },
            "funding": [
                {
                    "url": "https://github.com/sponsors/tillkruss",
                    "type": "github"
                }
            ],
            "time": "2023-03-02T18:32:04+00:00"
        }
    ],
    "packages-dev": [],
    "aliases": [],
    "minimum-stability": "stable",
    "stability-flags": {
        "phpgangsta/googleauthenticator": 20
    },
    "prefer-stable": false,
    "prefer-lowest": false,
    "platform": [],
    "platform-dev": [],
    "plugin-api-version": "2.0.0"
}
